
Microsoft Visual Studio Solution File, Format Version 12.00
# Visual Studio 15
VisualStudioVersion = 15.0.27428.2005
MinimumVisualStudioVersion = 10.0.40219.1
Project("{FAE04EC0-301F-11D3-BF4B-00C04F79EFBC}") = "DemoApp", "DemoApp\DemoApp.csproj", "{793C1EF1-E693-4984-9D69-5C134C5F97C7}"
EndProject
Project("{FAE04EC0-301F-11D3-BF4B-00C04F79EFBC}") = "DemoApp.Data", "DemoApp.Data\DemoApp.Data.csproj", "{1BD691CB-0FDB-46F8-B193-D380F3342BFB}"
EndProject
Global
	GlobalSection(SolutionConfigurationPlatforms) = preSolution
		Debug|Any CPU = Debug|Any CPU
		Release|Any CPU = Release|Any CPU
	EndGlobalSection
	GlobalSection(ProjectConfigurationPlatforms) = postSolution
		{793C1EF1-E693-4984-9D69-5C134C5F97C7}.Debug|Any CPU.ActiveCfg = Debug|Any CPU
		{793C1EF1-E693-4984-9D69-5C134C5F97C7}.Debug|Any CPU.Build.0 = Debug|Any CPU
		{793C1EF1-E693-4984-9D69-5C134C5F97C7}.Release|Any CPU.ActiveCfg = Release|Any CPU
		{793C1EF1-E693-4984-9D69-5C134C5F97C7}.Release|Any CPU.Build.0 = Release|Any CPU
		{1BD691CB-0FDB-46F8-B193-D380F3342BFB}.Debug|Any CPU.ActiveCfg = Debug|Any CPU
		{1BD691CB-0FDB-46F8-B193-D380F3342BFB}.Debug|Any CPU.Build.0 = Debug|Any CPU
		{1BD691CB-0FDB-46F8-B193-D380F3342BFB}.Release|Any CPU.ActiveCfg = Release|Any CPU
		{1BD691CB-0FDB-46F8-B193-D380F3342BFB}.Release|Any CPU.Build.0 = Release|Any CPU
	EndGlobalSection
	GlobalSection(SolutionProperties) = preSolution
		HideSolutionNode = FALSE
	EndGlobalSection
	GlobalSection(ExtensibilityGlobals) = postSolution
		SolutionGuid = {A61B5AA2-43F3-4785-A0E6-5C147F5AC6F3}
	EndGlobalSection
EndGlobal
